
Microsoft Visual Studio Solution File, Format Version 12.00
# Visual Studio Version 16
VisualStudioVersion = 16.0.29409.12
MinimumVisualStudioVersion = 10.0.40219.1
Project("{FAE04EC0-301F-11D3-BF4B-00C04F79EFBC}") = "2048", "2048\2048.csproj", "{EEB834C5-8A9F-4A45-8885-307E0CE44B00}"
EndProject
Global
	GlobalSection(SolutionConfigurationPlatforms) = preSolution
		Debug|Any CPU = Debug|Any CPU
		Release|Any CPU = Release|Any CPU
	EndGlobalSection
	GlobalSection(ProjectConfigurationPlatforms) = postSolution
		{EEB834C5-8A9F-4A45-8885-307E0CE44B00}.Debug|Any CPU.ActiveCfg = Debug|Any CPU
		{EEB834C5-8A9F-4A45-8885-307E0CE44B00}.Debug|Any CPU.Build.0 = Debug|Any CPU
		{EEB834C5-8A9F-4A45-8885-307E0CE44B00}.Release|Any CPU.ActiveCfg = Release|Any CPU
		{EEB834C5-8A9F-4A45-8885-307E0CE44B00}.Release|Any CPU.Build.0 = Release|Any CPU
	EndGlobalSection
	GlobalSection(SolutionProperties) = preSolution
		HideSolutionNode = FALSE
	EndGlobalSection
	GlobalSection(ExtensibilityGlobals) = postSolution
		SolutionGuid = {AF96D109-11B6-46B3-8747-48302305F2E7}
	EndGlobalSection
EndGlobal
